
Microsoft Visual Studio Solution File, Format Version 12.00
# Visual Studio Version 16
VisualStudioVersion = 16.0.31911.196
MinimumVisualStudioVersion = 10.0.40219.1
Project("{FAE04EC0-301F-11D3-BF4B-00C04F79EFBC}") = "Login", "Login\Login.csproj", "{928A5C67-793A-4DB4-B855-560FDFB1D996}"
EndProject
Global
	GlobalSection(SolutionConfigurationPlatforms) = preSolution
		Debug|Any CPU = Debug|Any CPU
		Release|Any CPU = Release|Any CPU
	EndGlobalSection
	GlobalSection(ProjectConfigurationPlatforms) = postSolution
		{928A5C67-793A-4DB4-B855-560FDFB1D996}.Debug|Any CPU.ActiveCfg = Debug|Any CPU
		{928A5C67-793A-4DB4-B855-560FDFB1D996}.Debug|Any CPU.Build.0 = Debug|Any CPU
		{928A5C67-793A-4DB4-B855-560FDFB1D996}.Release|Any CPU.ActiveCfg = Release|Any CPU
		{928A5C67-793A-4DB4-B855-560FDFB1D996}.Release|Any CPU.Build.0 = Release|Any CPU
	EndGlobalSection
	GlobalSection(SolutionProperties) = preSolution
		HideSolutionNode = FALSE
	EndGlobalSection
	GlobalSection(ExtensibilityGlobals) = postSolution
		SolutionGuid = {55915E54-352E-4D4E-871F-0B8C038B6414}
	EndGlobalSection
EndGlobal
